
Microsoft Visual Studio Solution File, Format Version 12.00
# Visual Studio Version 16
VisualStudioVersion = 16.0.29728.190
MinimumVisualStudioVersion = 10.0.40219.1
Project("{FAE04EC0-301F-11D3-BF4B-00C04F79EFBC}") = "Arduchuni.Server", "Arduchuni.Server.csproj", "{17E7B956-27F5-4B4A-91C4-47FC7CDC3782}"
EndProject
Global
	GlobalSection(SolutionConfigurationPlatforms) = preSolution
		Debug|Any CPU = Debug|Any CPU
		Release|Any CPU = Release|Any CPU
	EndGlobalSection
	GlobalSection(ProjectConfigurationPlatforms) = postSolution
		{17E7B956-27F5-4B4A-91C4-47FC7CDC3782}.Debug|Any CPU.ActiveCfg = Debug|Any CPU
		{17E7B956-27F5-4B4A-91C4-47FC7CDC3782}.Debug|Any CPU.Build.0 = Debug|Any CPU
		{17E7B956-27F5-4B4A-91C4-47FC7CDC3782}.Release|Any CPU.ActiveCfg = Release|Any CPU
		{17E7B956-27F5-4B4A-91C4-47FC7CDC3782}.Release|Any CPU.Build.0 = Release|Any CPU
	EndGlobalSection
	GlobalSection(SolutionProperties) = preSolution
		HideSolutionNode = FALSE
	EndGlobalSection
	GlobalSection(ExtensibilityGlobals) = postSolution
		SolutionGuid = {CE535DC8-4393-4E01-8D22-B692650F4586}
	EndGlobalSection
EndGlobal
